
Microsoft Visual Studio Solution File, Format Version 12.00
# Visual Studio 15
VisualStudioVersion = 15.0.28010.2036
MinimumVisualStudioVersion = 10.0.40219.1
Project("{FAE04EC0-301F-11D3-BF4B-00C04F79EFBC}") = "ALG_LES_3", "ALG_LES_3\ALG_LES_3.csproj", "{1C57CA52-1E5D-43B6-B989-D1C97C1A2AEE}"
EndProject
Global
	GlobalSection(SolutionConfigurationPlatforms) = preSolution
		Debug|Any CPU = Debug|Any CPU
		Release|Any CPU = Release|Any CPU
	EndGlobalSection
	GlobalSection(ProjectConfigurationPlatforms) = postSolution
		{1C57CA52-1E5D-43B6-B989-D1C97C1A2AEE}.Debug|Any CPU.ActiveCfg = Debug|Any CPU
		{1C57CA52-1E5D-43B6-B989-D1C97C1A2AEE}.Debug|Any CPU.Build.0 = Debug|Any CPU
		{1C57CA52-1E5D-43B6-B989-D1C97C1A2AEE}.Release|Any CPU.ActiveCfg = Release|Any CPU
		{1C57CA52-1E5D-43B6-B989-D1C97C1A2AEE}.Release|Any CPU.Build.0 = Release|Any CPU
	EndGlobalSection
	GlobalSection(SolutionProperties) = preSolution
		HideSolutionNode = FALSE
	EndGlobalSection
	GlobalSection(ExtensibilityGlobals) = postSolution
		SolutionGuid = {912EE564-BC08-4AD0-A6BF-985FB6B2B40F}
	EndGlobalSection
EndGlobal
